
Microsoft Visual Studio Solution File, Format Version 12.00
# Visual Studio Version 17
VisualStudioVersion = 17.10.35122.118
MinimumVisualStudioVersion = 10.0.40219.1
Project("{FAE04EC0-301F-11D3-BF4B-00C04F79EFBC}") = "CateringSchedule", "CateringSchedule\CateringSchedule.csproj", "{5A3AEB2E-D2DC-4180-84B4-36CF1B0AE25B}"
EndProject
Global
	GlobalSection(SolutionConfigurationPlatforms) = preSolution
		Debug|Any CPU = Debug|Any CPU
		Release|Any CPU = Release|Any CPU
	EndGlobalSection
	GlobalSection(ProjectConfigurationPlatforms) = postSolution
		{5A3AEB2E-D2DC-4180-84B4-36CF1B0AE25B}.Debug|Any CPU.ActiveCfg = Debug|Any CPU
		{5A3AEB2E-D2DC-4180-84B4-36CF1B0AE25B}.Debug|Any CPU.Build.0 = Debug|Any CPU
		{5A3AEB2E-D2DC-4180-84B4-36CF1B0AE25B}.Release|Any CPU.ActiveCfg = Release|Any CPU
		{5A3AEB2E-D2DC-4180-84B4-36CF1B0AE25B}.Release|Any CPU.Build.0 = Release|Any CPU
	EndGlobalSection
	GlobalSection(SolutionProperties) = preSolution
		HideSolutionNode = FALSE
	EndGlobalSection
	GlobalSection(ExtensibilityGlobals) = postSolution
		SolutionGuid = {1E051F69-8AB2-4705-8EF8-306E0D799BD8}
	EndGlobalSection
EndGlobal
